
Microsoft Visual Studio Solution File, Format Version 12.00
# Visual Studio Version 16
VisualStudioVersion = 16.0.30711.63
MinimumVisualStudioVersion = 10.0.40219.1
Project("{FAE04EC0-301F-11D3-BF4B-00C04F79EFBC}") = "RSPLS_actualproj_KD", "RSPLS_actualproj_KD\RSPLS_actualproj_KD.csproj", "{6C39E98F-FCE7-4037-8E14-C74467C9F899}"
EndProject
Global
	GlobalSection(SolutionConfigurationPlatforms) = preSolution
		Debug|Any CPU = Debug|Any CPU
		Release|Any CPU = Release|Any CPU
	EndGlobalSection
	GlobalSection(ProjectConfigurationPlatforms) = postSolution
		{6C39E98F-FCE7-4037-8E14-C74467C9F899}.Debug|Any CPU.ActiveCfg = Debug|Any CPU
		{6C39E98F-FCE7-4037-8E14-C74467C9F899}.Debug|Any CPU.Build.0 = Debug|Any CPU
		{6C39E98F-FCE7-4037-8E14-C74467C9F899}.Release|Any CPU.ActiveCfg = Release|Any CPU
		{6C39E98F-FCE7-4037-8E14-C74467C9F899}.Release|Any CPU.Build.0 = Release|Any CPU
	EndGlobalSection
	GlobalSection(SolutionProperties) = preSolution
		HideSolutionNode = FALSE
	EndGlobalSection
	GlobalSection(ExtensibilityGlobals) = postSolution
		SolutionGuid = {3FD42F0D-C410-4B78-B943-69A7E080D38A}
	EndGlobalSection
EndGlobal
